
Microsoft Visual Studio Solution File, Format Version 12.00
# Visual Studio Version 18
VisualStudioVersion = 18.4.11605.240 stable
MinimumVisualStudioVersion = 10.0.40219.1
Project("{FAE04EC0-301F-11D3-BF4B-00C04F79EFBC}") = "BuscoProfe.Api", "BuscoProfe.Api.csproj", "{7847CEEE-5A6D-42AA-B39E-0485E3900D85}"
EndProject
Global
	GlobalSection(SolutionConfigurationPlatforms) = preSolution
		Debug|Any CPU = Debug|Any CPU
		Release|Any CPU = Release|Any CPU
	EndGlobalSection
	GlobalSection(ProjectConfigurationPlatforms) = postSolution
		{7847CEEE-5A6D-42AA-B39E-0485E3900D85}.Debug|Any CPU.ActiveCfg = Debug|Any CPU
		{7847CEEE-5A6D-42AA-B39E-0485E3900D85}.Debug|Any CPU.Build.0 = Debug|Any CPU
		{7847CEEE-5A6D-42AA-B39E-0485E3900D85}.Release|Any CPU.ActiveCfg = Release|Any CPU
		{7847CEEE-5A6D-42AA-B39E-0485E3900D85}.Release|Any CPU.Build.0 = Release|Any CPU
	EndGlobalSection
	GlobalSection(SolutionProperties) = preSolution
		HideSolutionNode = FALSE
	EndGlobalSection
	GlobalSection(ExtensibilityGlobals) = postSolution
		SolutionGuid = {BA2A8DCC-3007-4D5F-89AE-C0D501FD77DE}
	EndGlobalSection
EndGlobal
